
Microsoft Visual Studio Solution File, Format Version 12.00
# Visual Studio 15
Project("{FAE04EC0-301F-11D3-BF4B-00C04F79EFBC}") = "Moment32", "Moment32\Moment32.csproj", "{4039EBF7-4F3C-41E5-A524-B8F99B4506A5}"
EndProject
Global
	GlobalSection(SolutionConfigurationPlatforms) = preSolution
		Debug|Any CPU = Debug|Any CPU
		Release|Any CPU = Release|Any CPU
	EndGlobalSection
	GlobalSection(ProjectConfigurationPlatforms) = postSolution
		{4039EBF7-4F3C-41E5-A524-B8F99B4506A5}.Debug|Any CPU.ActiveCfg = Debug|Any CPU
		{4039EBF7-4F3C-41E5-A524-B8F99B4506A5}.Debug|Any CPU.Build.0 = Debug|Any CPU
		{4039EBF7-4F3C-41E5-A524-B8F99B4506A5}.Release|Any CPU.ActiveCfg = Release|Any CPU
		{4039EBF7-4F3C-41E5-A524-B8F99B4506A5}.Release|Any CPU.Build.0 = Release|Any CPU
	EndGlobalSection
EndGlobal
